// !$*UTF8*$!
{
	archiveVersion = 1;
	classes = {
	};
	objectVersion = 55;
	objects = {

/* Begin PBXBuildFile section */
		D23C3BD12676B6940017BC5B /* Model+Image (iOS).swift in Sources */ = {isa = PBXBuildFile; fileRef = D23C3BD02676B6940017BC5B /* Model+Image (iOS).swift */; };
		D23C3BD32676B7180017BC5B /* Model+Image (macOS).swift in Sources */ = {isa = PBXBuildFile; fileRef = D23C3BD22676B7180017BC5B /* Model+Image (macOS).swift */; };
		D23C3BD42676B8B70017BC5B /* Model+Image.swift in Sources */ = {isa = PBXBuildFile; fileRef = D2C4961F2675EAE90008AFB8 /* Model+Image.swift */; };
		D23C3BD52676B8B80017BC5B /* Model+Image.swift in Sources */ = {isa = PBXBuildFile; fileRef = D2C4961F2675EAE90008AFB8 /* Model+Image.swift */; };
		D29F5C81267571EF00EC2F85 /* UI_Tests_iOS.swift in Sources */ = {isa = PBXBuildFile; fileRef = D29F5C80267571EF00EC2F85 /* UI_Tests_iOS.swift */; };
		D29F5C8B267571EF00EC2F85 /* UI_Tests_macOS.swift in Sources */ = {isa = PBXBuildFile; fileRef = D29F5C8A267571EF00EC2F85 /* UI_Tests_macOS.swift */; };
		D29F5C8E267571EF00EC2F85 /* RoundHouseApp.swift in Sources */ = {isa = PBXBuildFile; fileRef = D29F5C69267571ED00EC2F85 /* RoundHouseApp.swift */; };
		D29F5C8F267571EF00EC2F85 /* RoundHouseApp.swift in Sources */ = {isa = PBXBuildFile; fileRef = D29F5C69267571ED00EC2F85 /* RoundHouseApp.swift */; };
		D29F5C90267571EF00EC2F85 /* ContentView.swift in Sources */ = {isa = PBXBuildFile; fileRef = D29F5C6A267571ED00EC2F85 /* ContentView.swift */; };
		D29F5C91267571EF00EC2F85 /* ContentView.swift in Sources */ = {isa = PBXBuildFile; fileRef = D29F5C6A267571ED00EC2F85 /* ContentView.swift */; };
		D29F5C92267571EF00EC2F85 /* PersistenceController.swift in Sources */ = {isa = PBXBuildFile; fileRef = D29F5C6B267571ED00EC2F85 /* PersistenceController.swift */; };
		D29F5C93267571EF00EC2F85 /* PersistenceController.swift in Sources */ = {isa = PBXBuildFile; fileRef = D29F5C6B267571ED00EC2F85 /* PersistenceController.swift */; };
		D29F5C94267571EF00EC2F85 /* Assets.xcassets in Resources */ = {isa = PBXBuildFile; fileRef = D29F5C6C267571EF00EC2F85 /* Assets.xcassets */; };
		D29F5C95267571EF00EC2F85 /* Assets.xcassets in Resources */ = {isa = PBXBuildFile; fileRef = D29F5C6C267571EF00EC2F85 /* Assets.xcassets */; };
		D29F5CB82675743800EC2F85 /* RoundHouse.xcdatamodeld in Sources */ = {isa = PBXBuildFile; fileRef = D29F5CB12675743700EC2F85 /* RoundHouse.xcdatamodeld */; };
		D29F5CB92675743800EC2F85 /* RoundHouse.xcdatamodeld in Sources */ = {isa = PBXBuildFile; fileRef = D29F5CB12675743700EC2F85 /* RoundHouse.xcdatamodeld */; };
		D29F5CBB2675771D00EC2F85 /* SecureUnarchiveDateComponentsFromDataTransformer.swift in Sources */ = {isa = PBXBuildFile; fileRef = D29F5CBA2675771D00EC2F85 /* SecureUnarchiveDateComponentsFromDataTransformer.swift */; };
		D29F5CBC2675771D00EC2F85 /* SecureUnarchiveDateComponentsFromDataTransformer.swift in Sources */ = {isa = PBXBuildFile; fileRef = D29F5CBA2675771D00EC2F85 /* SecureUnarchiveDateComponentsFromDataTransformer.swift */; };
		D29F5CBE267578F300EC2F85 /* PreviewData.swift in Sources */ = {isa = PBXBuildFile; fileRef = D29F5CBD267578F300EC2F85 /* PreviewData.swift */; };
		D29F5CBF267578F300EC2F85 /* PreviewData.swift in Sources */ = {isa = PBXBuildFile; fileRef = D29F5CBD267578F300EC2F85 /* PreviewData.swift */; };
		D2C4960026757FBB0008AFB8 /* Preview Assets.xcassets in Resources */ = {isa = PBXBuildFile; fileRef = D2C495FF26757FBB0008AFB8 /* Preview Assets.xcassets */; };
		D2C4960126757FBB0008AFB8 /* Preview Assets.xcassets in Resources */ = {isa = PBXBuildFile; fileRef = D2C495FF26757FBB0008AFB8 /* Preview Assets.xcassets */; };
		D2C496132675885E0008AFB8 /* RoundHouseMigrationPolicy.swift in Sources */ = {isa = PBXBuildFile; fileRef = D2C496122675885E0008AFB8 /* RoundHouseMigrationPolicy.swift */; };
		D2C496142675885E0008AFB8 /* RoundHouseMigrationPolicy.swift in Sources */ = {isa = PBXBuildFile; fileRef = D2C496122675885E0008AFB8 /* RoundHouseMigrationPolicy.swift */; };
		D2C4961926758BAB0008AFB8 /* RoundHouseMappingModel.xcmappingmodel in Sources */ = {isa = PBXBuildFile; fileRef = D2C4961826758BAB0008AFB8 /* RoundHouseMappingModel.xcmappingmodel */; };
		D2C4961A26758BAB0008AFB8 /* RoundHouseMappingModel.xcmappingmodel in Sources */ = {isa = PBXBuildFile; fileRef = D2C4961826758BAB0008AFB8 /* RoundHouseMappingModel.xcmappingmodel */; };
		D2C496232675F46E0008AFB8 /* Purchase+Condition.swift in Sources */ = {isa = PBXBuildFile; fileRef = D2C496222675F46E0008AFB8 /* Purchase+Condition.swift */; };
		D2C496242675F46E0008AFB8 /* Purchase+Condition.swift in Sources */ = {isa = PBXBuildFile; fileRef = D2C496222675F46E0008AFB8 /* Purchase+Condition.swift */; };
		D2C496262675F4AA0008AFB8 /* Model+Classification.swift in Sources */ = {isa = PBXBuildFile; fileRef = D2C496252675F4AA0008AFB8 /* Model+Classification.swift */; };
		D2C496272675F4AA0008AFB8 /* Model+Classification.swift in Sources */ = {isa = PBXBuildFile; fileRef = D2C496252675F4AA0008AFB8 /* Model+Classification.swift */; };
		D2C496292675F4EC0008AFB8 /* Model+Era.swift in Sources */ = {isa = PBXBuildFile; fileRef = D2C496282675F4EC0008AFB8 /* Model+Era.swift */; };
		D2C4962A2675F4EC0008AFB8 /* Model+Era.swift in Sources */ = {isa = PBXBuildFile; fileRef = D2C496282675F4EC0008AFB8 /* Model+Era.swift */; };
		D2C4962C2675F5160008AFB8 /* Model+Disposition.swift in Sources */ = {isa = PBXBuildFile; fileRef = D2C4962B2675F5160008AFB8 /* Model+Disposition.swift */; };
		D2C4962D2675F5160008AFB8 /* Model+Disposition.swift in Sources */ = {isa = PBXBuildFile; fileRef = D2C4962B2675F5160008AFB8 /* Model+Disposition.swift */; };
		D2C4962F2675F7250008AFB8 /* Purchase+Currency.swift in Sources */ = {isa = PBXBuildFile; fileRef = D2C4962E2675F7250008AFB8 /* Purchase+Currency.swift */; };
		D2C496302675F7250008AFB8 /* Purchase+Currency.swift in Sources */ = {isa = PBXBuildFile; fileRef = D2C4962E2675F7250008AFB8 /* Purchase+Currency.swift */; };
		D2C496322675F7A80008AFB8 /* Purchase+Models.swift in Sources */ = {isa = PBXBuildFile; fileRef = D2C496312675F7A80008AFB8 /* Purchase+Models.swift */; };
		D2C496332675F7A80008AFB8 /* Purchase+Models.swift in Sources */ = {isa = PBXBuildFile; fileRef = D2C496312675F7A80008AFB8 /* Purchase+Models.swift */; };
		D2C496352675F8110008AFB8 /* Train+Members.swift in Sources */ = {isa = PBXBuildFile; fileRef = D2C496342675F8110008AFB8 /* Train+Members.swift */; };
		D2C496362675F8110008AFB8 /* Train+Members.swift in Sources */ = {isa = PBXBuildFile; fileRef = D2C496342675F8110008AFB8 /* Train+Members.swift */; };
		D2C496382675F8860008AFB8 /* Purchase+Accessories.swift in Sources */ = {isa = PBXBuildFile; fileRef = D2C496372675F8860008AFB8 /* Purchase+Accessories.swift */; };
		D2C496392675F8860008AFB8 /* Purchase+Accessories.swift in Sources */ = {isa = PBXBuildFile; fileRef = D2C496372675F8860008AFB8 /* Purchase+Accessories.swift */; };
		D2C49663267601330008AFB8 /* Unit_Tests_macOS.swift in Sources */ = {isa = PBXBuildFile; fileRef = D2C49662267601330008AFB8 /* Unit_Tests_macOS.swift */; };
		D2C49670267601420008AFB8 /* Unit_Tests_iOS.swift in Sources */ = {isa = PBXBuildFile; fileRef = D2C4966F267601420008AFB8 /* Unit_Tests_iOS.swift */; };
		D2C4967F267601FC0008AFB8 /* TrainMembersTests.swift in Sources */ = {isa = PBXBuildFile; fileRef = D2C4963B2675F9D40008AFB8 /* TrainMembersTests.swift */; };
		D2C49680267601FC0008AFB8 /* PurchaseAccessoriesTests.swift in Sources */ = {isa = PBXBuildFile; fileRef = D2C496452675FACA0008AFB8 /* PurchaseAccessoriesTests.swift */; };
		D2C49681267601FC0008AFB8 /* PurchaseModelsTests.swift in Sources */ = {isa = PBXBuildFile; fileRef = D2C4963C2675F9D40008AFB8 /* PurchaseModelsTests.swift */; };
		D2C49682267601FE0008AFB8 /* TrainMembersTests.swift in Sources */ = {isa = PBXBuildFile; fileRef = D2C4963B2675F9D40008AFB8 /* TrainMembersTests.swift */; };
		D2C49683267601FE0008AFB8 /* PurchaseAccessoriesTests.swift in Sources */ = {isa = PBXBuildFile; fileRef = D2C496452675FACA0008AFB8 /* PurchaseAccessoriesTests.swift */; };
		D2C49684267601FE0008AFB8 /* PurchaseModelsTests.swift in Sources */ = {isa = PBXBuildFile; fileRef = D2C4963C2675F9D40008AFB8 /* PurchaseModelsTests.swift */; };
/* End PBXBuildFile section */

/* Begin PBXContainerItemProxy section */
		D2C49664267601330008AFB8 /* PBXContainerItemProxy */ = {
			isa = PBXContainerItemProxy;
			containerPortal = D29F5C62267571ED00EC2F85 /* Project object */;
			proxyType = 1;
			remoteGlobalIDString = D29F5C76267571EF00EC2F85;
			remoteInfo = "RoundHouse (macOS)";
		};
		D2C49671267601420008AFB8 /* PBXContainerItemProxy */ = {
			isa = PBXContainerItemProxy;
			containerPortal = D29F5C62267571ED00EC2F85 /* Project object */;
			proxyType = 1;
			remoteGlobalIDString = D29F5C70267571EF00EC2F85;
			remoteInfo = "RoundHouse (iOS)";
		};
		D2C49676267601820008AFB8 /* PBXContainerItemProxy */ = {
			isa = PBXContainerItemProxy;
			containerPortal = D29F5C62267571ED00EC2F85 /* Project object */;
			proxyType = 1;
			remoteGlobalIDString = D29F5C70267571EF00EC2F85;
			remoteInfo = "RoundHouse (iOS)";
		};
		D2C49678267601880008AFB8 /* PBXContainerItemProxy */ = {
			isa = PBXContainerItemProxy;
			containerPortal = D29F5C62267571ED00EC2F85 /* Project object */;
			proxyType = 1;
			remoteGlobalIDString = D29F5C76267571EF00EC2F85;
			remoteInfo = "RoundHouse (macOS)";
		};
/* End PBXContainerItemProxy section */

/* Begin PBXFileReference section */
		D23C3BD02676B6940017BC5B /* Model+Image (iOS).swift */ = {isa = PBXFileReference; lastKnownFileType = sourcecode.swift; path = "Model+Image (iOS).swift"; sourceTree = "<group>"; };
		D23C3BD22676B7180017BC5B /* Model+Image (macOS).swift */ = {isa = PBXFileReference; lastKnownFileType = sourcecode.swift; path = "Model+Image (macOS).swift"; sourceTree = "<group>"; };
		D29F5C69267571ED00EC2F85 /* RoundHouseApp.swift */ = {isa = PBXFileReference; lastKnownFileType = sourcecode.swift; path = RoundHouseApp.swift; sourceTree = "<group>"; };
		D29F5C6A267571ED00EC2F85 /* ContentView.swift */ = {isa = PBXFileReference; lastKnownFileType = sourcecode.swift; path = ContentView.swift; sourceTree = "<group>"; };
		D29F5C6B267571ED00EC2F85 /* PersistenceController.swift */ = {isa = PBXFileReference; lastKnownFileType = sourcecode.swift; path = PersistenceController.swift; sourceTree = "<group>"; };
		D29F5C6C267571EF00EC2F85 /* Assets.xcassets */ = {isa = PBXFileReference; lastKnownFileType = folder.assetcatalog; path = Assets.xcassets; sourceTree = "<group>"; };
		D29F5C71267571EF00EC2F85 /* RoundHouse.app */ = {isa = PBXFileReference; explicitFileType = wrapper.application; includeInIndex = 0; path = RoundHouse.app; sourceTree = BUILT_PRODUCTS_DIR; };
		D29F5C77267571EF00EC2F85 /* RoundHouse.app */ = {isa = PBXFileReference; explicitFileType = wrapper.application; includeInIndex = 0; path = RoundHouse.app; sourceTree = BUILT_PRODUCTS_DIR; };
		D29F5C7C267571EF00EC2F85 /* UI Tests (iOS).xctest */ = {isa = PBXFileReference; explicitFileType = wrapper.cfbundle; includeInIndex = 0; path = "UI Tests (iOS).xctest"; sourceTree = BUILT_PRODUCTS_DIR; };
		D29F5C80267571EF00EC2F85 /* UI_Tests_iOS.swift */ = {isa = PBXFileReference; lastKnownFileType = sourcecode.swift; path = UI_Tests_iOS.swift; sourceTree = "<group>"; };
		D29F5C86267571EF00EC2F85 /* UI Tests (macOS).xctest */ = {isa = PBXFileReference; explicitFileType = wrapper.cfbundle; includeInIndex = 0; path = "UI Tests (macOS).xctest"; sourceTree = BUILT_PRODUCTS_DIR; };
		D29F5C8A267571EF00EC2F85 /* UI_Tests_macOS.swift */ = {isa = PBXFileReference; lastKnownFileType = sourcecode.swift; path = UI_Tests_macOS.swift; sourceTree = "<group>"; };
		D29F5CB32675743700EC2F85 /* EngineShed.xcdatamodel */ = {isa = PBXFileReference; lastKnownFileType = wrapper.xcdatamodel; path = EngineShed.xcdatamodel; sourceTree = "<group>"; };
		D29F5CBA2675771D00EC2F85 /* SecureUnarchiveDateComponentsFromDataTransformer.swift */ = {isa = PBXFileReference; fileEncoding = 4; lastKnownFileType = sourcecode.swift; path = SecureUnarchiveDateComponentsFromDataTransformer.swift; sourceTree = "<group>"; };
		D29F5CBD267578F300EC2F85 /* PreviewData.swift */ = {isa = PBXFileReference; lastKnownFileType = sourcecode.swift; path = PreviewData.swift; sourceTree = "<group>"; };
		D2C495FF26757FBB0008AFB8 /* Preview Assets.xcassets */ = {isa = PBXFileReference; lastKnownFileType = folder.assetcatalog; path = "Preview Assets.xcassets"; sourceTree = "<group>"; };
		D2C4960E267586A60008AFB8 /* RoundHouse.xcdatamodel */ = {isa = PBXFileReference; lastKnownFileType = wrapper.xcdatamodel; path = RoundHouse.xcdatamodel; sourceTree = "<group>"; };
		D2C496122675885E0008AFB8 /* RoundHouseMigrationPolicy.swift */ = {isa = PBXFileReference; lastKnownFileType = sourcecode.swift; path = RoundHouseMigrationPolicy.swift; sourceTree = "<group>"; };
		D2C4961826758BAB0008AFB8 /* RoundHouseMappingModel.xcmappingmodel */ = {isa = PBXFileReference; lastKnownFileType = wrapper.xcmappingmodel; path = RoundHouseMappingModel.xcmappingmodel; sourceTree = "<group>"; };
		D2C4961F2675EAE90008AFB8 /* Model+Image.swift */ = {isa = PBXFileReference; lastKnownFileType = sourcecode.swift; path = "Model+Image.swift"; sourceTree = "<group>"; };
		D2C496222675F46E0008AFB8 /* Purchase+Condition.swift */ = {isa = PBXFileReference; fileEncoding = 4; lastKnownFileType = sourcecode.swift; path = "Purchase+Condition.swift"; sourceTree = "<group>"; };
		D2C496252675F4AA0008AFB8 /* Model+Classification.swift */ = {isa = PBXFileReference; fileEncoding = 4; lastKnownFileType = sourcecode.swift; path = "Model+Classification.swift"; sourceTree = "<group>"; };
		D2C496282675F4EC0008AFB8 /* Model+Era.swift */ = {isa = PBXFileReference; fileEncoding = 4; lastKnownFileType = sourcecode.swift; path = "Model+Era.swift"; sourceTree = "<group>"; };
		D2C4962B2675F5160008AFB8 /* Model+Disposition.swift */ = {isa = PBXFileReference; fileEncoding = 4; lastKnownFileType = sourcecode.swift; path = "Model+Disposition.swift"; sourceTree = "<group>"; };
		D2C4962E2675F7250008AFB8 /* Purchase+Currency.swift */ = {isa = PBXFileReference; lastKnownFileType = sourcecode.swift; path = "Purchase+Currency.swift"; sourceTree = "<group>"; };
		D2C496312675F7A80008AFB8 /* Purchase+Models.swift */ = {isa = PBXFileReference; fileEncoding = 4; lastKnownFileType = sourcecode.swift; path = "Purchase+Models.swift"; sourceTree = "<group>"; };
		D2C496342675F8110008AFB8 /* Train+Members.swift */ = {isa = PBXFileReference; fileEncoding = 4; lastKnownFileType = sourcecode.swift; path = "Train+Members.swift"; sourceTree = "<group>"; };
		D2C496372675F8860008AFB8 /* Purchase+Accessories.swift */ = {isa = PBXFileReference; lastKnownFileType = sourcecode.swift; path = "Purchase+Accessories.swift"; sourceTree = "<group>"; };
		D2C4963B2675F9D40008AFB8 /* TrainMembersTests.swift */ = {isa = PBXFileReference; fileEncoding = 4; lastKnownFileType = sourcecode.swift; path = TrainMembersTests.swift; sourceTree = "<group>"; };
		D2C4963C2675F9D40008AFB8 /* PurchaseModelsTests.swift */ = {isa = PBXFileReference; fileEncoding = 4; lastKnownFileType = sourcecode.swift; path = PurchaseModelsTests.swift; sourceTree = "<group>"; };
		D2C496452675FACA0008AFB8 /* PurchaseAccessoriesTests.swift */ = {isa = PBXFileReference; lastKnownFileType = sourcecode.swift; path = PurchaseAccessoriesTests.swift; sourceTree = "<group>"; };
		D2C49660267601330008AFB8 /* Unit Tests (macOS).xctest */ = {isa = PBXFileReference; explicitFileType = wrapper.cfbundle; includeInIndex = 0; path = "Unit Tests (macOS).xctest"; sourceTree = BUILT_PRODUCTS_DIR; };
		D2C49662267601330008AFB8 /* Unit_Tests_macOS.swift */ = {isa = PBXFileReference; lastKnownFileType = sourcecode.swift; path = Unit_Tests_macOS.swift; sourceTree = "<group>"; };
		D2C4966D267601420008AFB8 /* Unit Tests (iOS).xctest */ = {isa = PBXFileReference; explicitFileType = wrapper.cfbundle; includeInIndex = 0; path = "Unit Tests (iOS).xctest"; sourceTree = BUILT_PRODUCTS_DIR; };
		D2C4966F267601420008AFB8 /* Unit_Tests_iOS.swift */ = {isa = PBXFileReference; lastKnownFileType = sourcecode.swift; path = Unit_Tests_iOS.swift; sourceTree = "<group>"; };
/* End PBXFileReference section */

/* Begin PBXFrameworksBuildPhase section */
		D29F5C6E267571EF00EC2F85 /* Frameworks */ = {
			isa = PBXFrameworksBuildPhase;
			buildActionMask = 2147483647;
			files = (
			);
			runOnlyForDeploymentPostprocessing = 0;
		};
		D29F5C74267571EF00EC2F85 /* Frameworks */ = {
			isa = PBXFrameworksBuildPhase;
			buildActionMask = 2147483647;
			files = (
			);
			runOnlyForDeploymentPostprocessing = 0;
		};
		D29F5C79267571EF00EC2F85 /* Frameworks */ = {
			isa = PBXFrameworksBuildPhase;
			buildActionMask = 2147483647;
			files = (
			);
			runOnlyForDeploymentPostprocessing = 0;
		};
		D29F5C83267571EF00EC2F85 /* Frameworks */ = {
			isa = PBXFrameworksBuildPhase;
			buildActionMask = 2147483647;
			files = (
			);
			runOnlyForDeploymentPostprocessing = 0;
		};
		D2C4965D267601330008AFB8 /* Frameworks */ = {
			isa = PBXFrameworksBuildPhase;
			buildActionMask = 2147483647;
			files = (
			);
			runOnlyForDeploymentPostprocessing = 0;
		};
		D2C4966A267601420008AFB8 /* Frameworks */ = {
			isa = PBXFrameworksBuildPhase;
			buildActionMask = 2147483647;
			files = (
			);
			runOnlyForDeploymentPostprocessing = 0;
		};
/* End PBXFrameworksBuildPhase section */

/* Begin PBXGroup section */
		D29F5C61267571ED00EC2F85 = {
			isa = PBXGroup;
			children = (
				D29F5CB02675742800EC2F85 /* Model */,
				D29F5CC1267579E800EC2F85 /* Persistence */,
				D29F5C66267571ED00EC2F85 /* Shared */,
				D2C4963A2675F9BA0008AFB8 /* Tests */,
				D2C4966E267601420008AFB8 /* Unit Tests (iOS) */,
				D2C49661267601330008AFB8 /* Unit Tests (macOS) */,
				D29F5C7F267571EF00EC2F85 /* UI Tests (iOS) */,
				D29F5C89267571EF00EC2F85 /* UI Tests (macOS) */,
				D29F5C72267571EF00EC2F85 /* Products */,
			);
			sourceTree = "<group>";
		};
		D29F5C66267571ED00EC2F85 /* Shared */ = {
			isa = PBXGroup;
			children = (
				D29F5C69267571ED00EC2F85 /* RoundHouseApp.swift */,
				D29F5C6A267571ED00EC2F85 /* ContentView.swift */,
				D29F5CBD267578F300EC2F85 /* PreviewData.swift */,
				D29F5C6C267571EF00EC2F85 /* Assets.xcassets */,
				D29F5CC0267579BE00EC2F85 /* Preview Content */,
			);
			path = Shared;
			sourceTree = "<group>";
		};
		D29F5C72267571EF00EC2F85 /* Products */ = {
			isa = PBXGroup;
			children = (
				D29F5C71267571EF00EC2F85 /* RoundHouse.app */,
				D29F5C77267571EF00EC2F85 /* RoundHouse.app */,
				D29F5C7C267571EF00EC2F85 /* UI Tests (iOS).xctest */,
				D29F5C86267571EF00EC2F85 /* UI Tests (macOS).xctest */,
				D2C49660267601330008AFB8 /* Unit Tests (macOS).xctest */,
				D2C4966D267601420008AFB8 /* Unit Tests (iOS).xctest */,
			);
			name = Products;
			sourceTree = "<group>";
		};
		D29F5C7F267571EF00EC2F85 /* UI Tests (iOS) */ = {
			isa = PBXGroup;
			children = (
				D29F5C80267571EF00EC2F85 /* UI_Tests_iOS.swift */,
			);
			path = "UI Tests (iOS)";
			sourceTree = "<group>";
		};
		D29F5C89267571EF00EC2F85 /* UI Tests (macOS) */ = {
			isa = PBXGroup;
			children = (
				D29F5C8A267571EF00EC2F85 /* UI_Tests_macOS.swift */,
			);
			path = "UI Tests (macOS)";
			sourceTree = "<group>";
		};
		D29F5CB02675742800EC2F85 /* Model */ = {
			isa = PBXGroup;
			children = (
				D29F5CB12675743700EC2F85 /* RoundHouse.xcdatamodeld */,
				D2C4961826758BAB0008AFB8 /* RoundHouseMappingModel.xcmappingmodel */,
				D2C496122675885E0008AFB8 /* RoundHouseMigrationPolicy.swift */,
				D29F5CBA2675771D00EC2F85 /* SecureUnarchiveDateComponentsFromDataTransformer.swift */,
				D29F5C6B267571ED00EC2F85 /* PersistenceController.swift */,
				D2C4962E2675F7250008AFB8 /* Purchase+Currency.swift */,
				D2C496222675F46E0008AFB8 /* Purchase+Condition.swift */,
				D2C496312675F7A80008AFB8 /* Purchase+Models.swift */,
				D2C496372675F8860008AFB8 /* Purchase+Accessories.swift */,
				D2C496252675F4AA0008AFB8 /* Model+Classification.swift */,
				D2C496282675F4EC0008AFB8 /* Model+Era.swift */,
				D2C4962B2675F5160008AFB8 /* Model+Disposition.swift */,
				D2C4961F2675EAE90008AFB8 /* Model+Image.swift */,
				D23C3BD02676B6940017BC5B /* Model+Image (iOS).swift */,
				D23C3BD22676B7180017BC5B /* Model+Image (macOS).swift */,
				D2C496342675F8110008AFB8 /* Train+Members.swift */,
			);
			path = Model;
			sourceTree = "<group>";
		};
		D29F5CC0267579BE00EC2F85 /* Preview Content */ = {
			isa = PBXGroup;
			children = (
				D2C495FF26757FBB0008AFB8 /* Preview Assets.xcassets */,
			);
			path = "Preview Content";
			sourceTree = "<group>";
		};
		D29F5CC1267579E800EC2F85 /* Persistence */ = {
			isa = PBXGroup;
			children = (
			);
			path = Persistence;
			sourceTree = "<group>";
		};
		D2C4963A2675F9BA0008AFB8 /* Tests */ = {
			isa = PBXGroup;
			children = (
				D2C4963C2675F9D40008AFB8 /* PurchaseModelsTests.swift */,
				D2C496452675FACA0008AFB8 /* PurchaseAccessoriesTests.swift */,
				D2C4963B2675F9D40008AFB8 /* TrainMembersTests.swift */,
			);
			path = Tests;
			sourceTree = "<group>";
		};
		D2C49661267601330008AFB8 /* Unit Tests (macOS) */ = {
			isa = PBXGroup;
			children = (
				D2C49662267601330008AFB8 /* Unit_Tests_macOS.swift */,
			);
			path = "Unit Tests (macOS)";
			sourceTree = "<group>";
		};
		D2C4966E267601420008AFB8 /* Unit Tests (iOS) */ = {
			isa = PBXGroup;
			children = (
				D2C4966F267601420008AFB8 /* Unit_Tests_iOS.swift */,
			);
			path = "Unit Tests (iOS)";
			sourceTree = "<group>";
		};
/* End PBXGroup section */

/* Begin PBXNativeTarget section */
		D29F5C70267571EF00EC2F85 /* RoundHouse (iOS) */ = {
			isa = PBXNativeTarget;
			buildConfigurationList = D29F5C98267571EF00EC2F85 /* Build configuration list for PBXNativeTarget "RoundHouse (iOS)" */;
			buildPhases = (
				D29F5C6D267571EF00EC2F85 /* Sources */,
				D29F5C6E267571EF00EC2F85 /* Frameworks */,
				D29F5C6F267571EF00EC2F85 /* Resources */,
			);
			buildRules = (
			);
			dependencies = (
			);
			name = "RoundHouse (iOS)";
			productName = "RoundHouse (iOS)";
			productReference = D29F5C71267571EF00EC2F85 /* RoundHouse.app */;
			productType = "com.apple.product-type.application";
		};
		D29F5C76267571EF00EC2F85 /* RoundHouse (macOS) */ = {
			isa = PBXNativeTarget;
			buildConfigurationList = D29F5C9B267571EF00EC2F85 /* Build configuration list for PBXNativeTarget "RoundHouse (macOS)" */;
			buildPhases = (
				D29F5C73267571EF00EC2F85 /* Sources */,
				D29F5C74267571EF00EC2F85 /* Frameworks */,
				D29F5C75267571EF00EC2F85 /* Resources */,
			);
			buildRules = (
			);
			dependencies = (
			);
			name = "RoundHouse (macOS)";
			productName = "RoundHouse (macOS)";
			productReference = D29F5C77267571EF00EC2F85 /* RoundHouse.app */;
			productType = "com.apple.product-type.application";
		};
		D29F5C7B267571EF00EC2F85 /* UI Tests (iOS) */ = {
			isa = PBXNativeTarget;
			buildConfigurationList = D29F5C9E267571EF00EC2F85 /* Build configuration list for PBXNativeTarget "UI Tests (iOS)" */;
			buildPhases = (
				D29F5C78267571EF00EC2F85 /* Sources */,
				D29F5C79267571EF00EC2F85 /* Frameworks */,
				D29F5C7A267571EF00EC2F85 /* Resources */,
			);
			buildRules = (
			);
			dependencies = (
				D2C49677267601820008AFB8 /* PBXTargetDependency */,
			);
			name = "UI Tests (iOS)";
			productName = "Tests iOS";
			productReference = D29F5C7C267571EF00EC2F85 /* UI Tests (iOS).xctest */;
			productType = "com.apple.product-type.bundle.ui-testing";
		};
		D29F5C85267571EF00EC2F85 /* UI Tests (macOS) */ = {
			isa = PBXNativeTarget;
			buildConfigurationList = D29F5CA1267571EF00EC2F85 /* Build configuration list for PBXNativeTarget "UI Tests (macOS)" */;
			buildPhases = (
				D29F5C82267571EF00EC2F85 /* Sources */,
				D29F5C83267571EF00EC2F85 /* Frameworks */,
				D29F5C84267571EF00EC2F85 /* Resources */,
			);
			buildRules = (
			);
			dependencies = (
				D2C49679267601880008AFB8 /* PBXTargetDependency */,
			);
			name = "UI Tests (macOS)";
			productName = "Tests macOS";
			productReference = D29F5C86267571EF00EC2F85 /* UI Tests (macOS).xctest */;
			productType = "com.apple.product-type.bundle.ui-testing";
		};
		D2C4965F267601330008AFB8 /* Unit Tests (macOS) */ = {
			isa = PBXNativeTarget;
			buildConfigurationList = D2C49666267601330008AFB8 /* Build configuration list for PBXNativeTarget "Unit Tests (macOS)" */;
			buildPhases = (
				D2C4965C267601330008AFB8 /* Sources */,
				D2C4965D267601330008AFB8 /* Frameworks */,
				D2C4965E267601330008AFB8 /* Resources */,
			);
			buildRules = (
			);
			dependencies = (
				D2C49665267601330008AFB8 /* PBXTargetDependency */,
			);
			name = "Unit Tests (macOS)";
			productName = "Unit Tests (macOS)";
			productReference = D2C49660267601330008AFB8 /* Unit Tests (macOS).xctest */;
			productType = "com.apple.product-type.bundle.unit-test";
		};
		D2C4966C267601420008AFB8 /* Unit Tests (iOS) */ = {
			isa = PBXNativeTarget;
			buildConfigurationList = D2C49673267601420008AFB8 /* Build configuration list for PBXNativeTarget "Unit Tests (iOS)" */;
			buildPhases = (
				D2C49669267601420008AFB8 /* Sources */,
				D2C4966A267601420008AFB8 /* Frameworks */,
				D2C4966B267601420008AFB8 /* Resources */,
			);
			buildRules = (
			);
			dependencies = (
				D2C49672267601420008AFB8 /* PBXTargetDependency */,
			);
			name = "Unit Tests (iOS)";
			productName = "Unit Tests (iOS)";
			productReference = D2C4966D267601420008AFB8 /* Unit Tests (iOS).xctest */;
			productType = "com.apple.product-type.bundle.unit-test";
		};
/* End PBXNativeTarget section */

/* Begin PBXProject section */
		D29F5C62267571ED00EC2F85 /* Project object */ = {
			isa = PBXProject;
			attributes = {
				BuildIndependentTargetsInParallel = 1;
				LastSwiftUpdateCheck = 1300;
				LastUpgradeCheck = 1300;
				TargetAttributes = {
					D29F5C70267571EF00EC2F85 = {
						CreatedOnToolsVersion = 13.0;
					};
					D29F5C76267571EF00EC2F85 = {
						CreatedOnToolsVersion = 13.0;
					};
					D29F5C7B267571EF00EC2F85 = {
						CreatedOnToolsVersion = 13.0;
						TestTargetID = D29F5C70267571EF00EC2F85;
					};
					D29F5C85267571EF00EC2F85 = {
						CreatedOnToolsVersion = 13.0;
						TestTargetID = D29F5C76267571EF00EC2F85;
					};
					D2C4965F267601330008AFB8 = {
						CreatedOnToolsVersion = 13.0;
						TestTargetID = D29F5C76267571EF00EC2F85;
					};
					D2C4966C267601420008AFB8 = {
						CreatedOnToolsVersion = 13.0;
						TestTargetID = D29F5C70267571EF00EC2F85;
					};
				};
			};
			buildConfigurationList = D29F5C65267571ED00EC2F85 /* Build configuration list for PBXProject "RoundHouse" */;
			compatibilityVersion = "Xcode 13.0";
			developmentRegion = en;
			hasScannedForEncodings = 0;
			knownRegions = (
				en,
				Base,
			);
			mainGroup = D29F5C61267571ED00EC2F85;
			productRefGroup = D29F5C72267571EF00EC2F85 /* Products */;
			projectDirPath = "";
			projectRoot = "";
			targets = (
				D29F5C70267571EF00EC2F85 /* RoundHouse (iOS) */,
				D29F5C76267571EF00EC2F85 /* RoundHouse (macOS) */,
				D2C4966C267601420008AFB8 /* Unit Tests (iOS) */,
				D2C4965F267601330008AFB8 /* Unit Tests (macOS) */,
				D29F5C7B267571EF00EC2F85 /* UI Tests (iOS) */,
				D29F5C85267571EF00EC2F85 /* UI Tests (macOS) */,
			);
		};
/* End PBXProject section */

/* Begin PBXResourcesBuildPhase section */
		D29F5C6F267571EF00EC2F85 /* Resources */ = {
			isa = PBXResourcesBuildPhase;
			buildActionMask = 2147483647;
			files = (
				D2C4960026757FBB0008AFB8 /* Preview Assets.xcassets in Resources */,
				D29F5C94267571EF00EC2F85 /* Assets.xcassets in Resources */,
			);
			runOnlyForDeploymentPostprocessing = 0;
		};
		D29F5C75267571EF00EC2F85 /* Resources */ = {
			isa = PBXResourcesBuildPhase;
			buildActionMask = 2147483647;
			files = (
				D2C4960126757FBB0008AFB8 /* Preview Assets.xcassets in Resources */,
				D29F5C95267571EF00EC2F85 /* Assets.xcassets in Resources */,
			);
			runOnlyForDeploymentPostprocessing = 0;
		};
		D29F5C7A267571EF00EC2F85 /* Resources */ = {
			isa = PBXResourcesBuildPhase;
			buildActionMask = 2147483647;
			files = (
			);
			runOnlyForDeploymentPostprocessing = 0;
		};
		D29F5C84267571EF00EC2F85 /* Resources */ = {
			isa = PBXResourcesBuildPhase;
			buildActionMask = 2147483647;
			files = (
			);
			runOnlyForDeploymentPostprocessing = 0;
		};
		D2C4965E267601330008AFB8 /* Resources */ = {
			isa = PBXResourcesBuildPhase;
			buildActionMask = 2147483647;
			files = (
			);
			runOnlyForDeploymentPostprocessing = 0;
		};
		D2C4966B267601420008AFB8 /* Resources */ = {
			isa = PBXResourcesBuildPhase;
			buildActionMask = 2147483647;
			files = (
			);
			runOnlyForDeploymentPostprocessing = 0;
		};
/* End PBXResourcesBuildPhase section */

/* Begin PBXSourcesBuildPhase section */
		D29F5C6D267571EF00EC2F85 /* Sources */ = {
			isa = PBXSourcesBuildPhase;
			buildActionMask = 2147483647;
			files = (
				D29F5CB82675743800EC2F85 /* RoundHouse.xcdatamodeld in Sources */,
				D23C3BD42676B8B70017BC5B /* Model+Image.swift in Sources */,
				D29F5CBB2675771D00EC2F85 /* SecureUnarchiveDateComponentsFromDataTransformer.swift in Sources */,
				D2C4962C2675F5160008AFB8 /* Model+Disposition.swift in Sources */,
				D2C496262675F4AA0008AFB8 /* Model+Classification.swift in Sources */,
				D29F5CBE267578F300EC2F85 /* PreviewData.swift in Sources */,
				D2C496382675F8860008AFB8 /* Purchase+Accessories.swift in Sources */,
				D23C3BD12676B6940017BC5B /* Model+Image (iOS).swift in Sources */,
				D2C496352675F8110008AFB8 /* Train+Members.swift in Sources */,
				D29F5C92267571EF00EC2F85 /* PersistenceController.swift in Sources */,
				D2C496322675F7A80008AFB8 /* Purchase+Models.swift in Sources */,
				D2C496132675885E0008AFB8 /* RoundHouseMigrationPolicy.swift in Sources */,
				D2C4961926758BAB0008AFB8 /* RoundHouseMappingModel.xcmappingmodel in Sources */,
				D29F5C8E267571EF00EC2F85 /* RoundHouseApp.swift in Sources */,
				D2C496292675F4EC0008AFB8 /* Model+Era.swift in Sources */,
				D2C4962F2675F7250008AFB8 /* Purchase+Currency.swift in Sources */,
				D2C496232675F46E0008AFB8 /* Purchase+Condition.swift in Sources */,
				D29F5C90267571EF00EC2F85 /* ContentView.swift in Sources */,
			);
			runOnlyForDeploymentPostprocessing = 0;
		};
		D29F5C73267571EF00EC2F85 /* Sources */ = {
			isa = PBXSourcesBuildPhase;
			buildActionMask = 2147483647;
			files = (
				D29F5CB92675743800EC2F85 /* RoundHouse.xcdatamodeld in Sources */,
				D23C3BD52676B8B80017BC5B /* Model+Image.swift in Sources */,
				D29F5CBC2675771D00EC2F85 /* SecureUnarchiveDateComponentsFromDataTransformer.swift in Sources */,
				D2C4962D2675F5160008AFB8 /* Model+Disposition.swift in Sources */,
				D2C496272675F4AA0008AFB8 /* Model+Classification.swift in Sources */,
				D29F5CBF267578F300EC2F85 /* PreviewData.swift in Sources */,
				D2C496392675F8860008AFB8 /* Purchase+Accessories.swift in Sources */,
				D2C496362675F8110008AFB8 /* Train+Members.swift in Sources */,
				D29F5C93267571EF00EC2F85 /* PersistenceController.swift in Sources */,
				D2C496332675F7A80008AFB8 /* Purchase+Models.swift in Sources */,
				D2C496142675885E0008AFB8 /* RoundHouseMigrationPolicy.swift in Sources */,
				D2C4961A26758BAB0008AFB8 /* RoundHouseMappingModel.xcmappingmodel in Sources */,
				D29F5C8F267571EF00EC2F85 /* RoundHouseApp.swift in Sources */,
				D23C3BD32676B7180017BC5B /* Model+Image (macOS).swift in Sources */,
				D2C4962A2675F4EC0008AFB8 /* Model+Era.swift in Sources */,
				D2C496302675F7250008AFB8 /* Purchase+Currency.swift in Sources */,
				D2C496242675F46E0008AFB8 /* Purchase+Condition.swift in Sources */,
				D29F5C91267571EF00EC2F85 /* ContentView.swift in Sources */,
			);
			runOnlyForDeploymentPostprocessing = 0;
		};
		D29F5C78267571EF00EC2F85 /* Sources */ = {
			isa = PBXSourcesBuildPhase;
			buildActionMask = 2147483647;
			files = (
				D29F5C81267571EF00EC2F85 /* UI_Tests_iOS.swift in Sources */,
			);
			runOnlyForDeploymentPostprocessing = 0;
		};
		D29F5C82267571EF00EC2F85 /* Sources */ = {
			isa = PBXSourcesBuildPhase;
			buildActionMask = 2147483647;
			files = (
				D29F5C8B267571EF00EC2F85 /* UI_Tests_macOS.swift in Sources */,
			);
			runOnlyForDeploymentPostprocessing = 0;
		};
		D2C4965C267601330008AFB8 /* Sources */ = {
			isa = PBXSourcesBuildPhase;
			buildActionMask = 2147483647;
			files = (
				D2C4967F267601FC0008AFB8 /* TrainMembersTests.swift in Sources */,
				D2C49680267601FC0008AFB8 /* PurchaseAccessoriesTests.swift in Sources */,
				D2C49681267601FC0008AFB8 /* PurchaseModelsTests.swift in Sources */,
				D2C49663267601330008AFB8 /* Unit_Tests_macOS.swift in Sources */,
			);
			runOnlyForDeploymentPostprocessing = 0;
		};
		D2C49669267601420008AFB8 /* Sources */ = {
			isa = PBXSourcesBuildPhase;
			buildActionMask = 2147483647;
			files = (
				D2C49682267601FE0008AFB8 /* TrainMembersTests.swift in Sources */,
				D2C49683267601FE0008AFB8 /* PurchaseAccessoriesTests.swift in Sources */,
				D2C49684267601FE0008AFB8 /* PurchaseModelsTests.swift in Sources */,
				D2C49670267601420008AFB8 /* Unit_Tests_iOS.swift in Sources */,
			);
			runOnlyForDeploymentPostprocessing = 0;
		};
/* End PBXSourcesBuildPhase section */

/* Begin PBXTargetDependency section */
		D2C49665267601330008AFB8 /* PBXTargetDependency */ = {
			isa = PBXTargetDependency;
			target = D29F5C76267571EF00EC2F85 /* RoundHouse (macOS) */;
			targetProxy = D2C49664267601330008AFB8 /* PBXContainerItemProxy */;
		};
		D2C49672267601420008AFB8 /* PBXTargetDependency */ = {
			isa = PBXTargetDependency;
			target = D29F5C70267571EF00EC2F85 /* RoundHouse (iOS) */;
			targetProxy = D2C49671267601420008AFB8 /* PBXContainerItemProxy */;
		};
		D2C49677267601820008AFB8 /* PBXTargetDependency */ = {
			isa = PBXTargetDependency;
			target = D29F5C70267571EF00EC2F85 /* RoundHouse (iOS) */;
			targetProxy = D2C49676267601820008AFB8 /* PBXContainerItemProxy */;
		};
		D2C49679267601880008AFB8 /* PBXTargetDependency */ = {
			isa = PBXTargetDependency;
			target = D29F5C76267571EF00EC2F85 /* RoundHouse (macOS) */;
			targetProxy = D2C49678267601880008AFB8 /* PBXContainerItemProxy */;
		};
/* End PBXTargetDependency section */

/* Begin XCBuildConfiguration section */
		D29F5C96267571EF00EC2F85 /* Debug */ = {
			isa = XCBuildConfiguration;
			buildSettings = {
				ALWAYS_SEARCH_USER_PATHS = NO;
				CLANG_ANALYZER_NONNULL = YES;
				CLANG_ANALYZER_NUMBER_OBJECT_CONVERSION = YES_AGGRESSIVE;
				CLANG_CXX_LANGUAGE_STANDARD = "gnu++14";
				CLANG_CXX_LIBRARY = "libc++";
				CLANG_ENABLE_MODULES = YES;
				CLANG_ENABLE_OBJC_ARC = YES;
				CLANG_ENABLE_OBJC_WEAK = YES;
				CLANG_WARN_BLOCK_CAPTURE_AUTORELEASING = YES;
				CLANG_WARN_BOOL_CONVERSION = YES;
				CLANG_WARN_COMMA = YES;
				CLANG_WARN_CONSTANT_CONVERSION = YES;
				CLANG_WARN_DEPRECATED_OBJC_IMPLEMENTATIONS = YES;
				CLANG_WARN_DIRECT_OBJC_ISA_USAGE = YES_ERROR;
				CLANG_WARN_DOCUMENTATION_COMMENTS = YES;
				CLANG_WARN_EMPTY_BODY = YES;
				CLANG_WARN_ENUM_CONVERSION = YES;
				CLANG_WARN_INFINITE_RECURSION = YES;
				CLANG_WARN_INT_CONVERSION = YES;
				CLANG_WARN_NON_LITERAL_NULL_CONVERSION = YES;
				CLANG_WARN_OBJC_IMPLICIT_RETAIN_SELF = YES;
				CLANG_WARN_OBJC_LITERAL_CONVERSION = YES;
				CLANG_WARN_OBJC_ROOT_CLASS = YES_ERROR;
				CLANG_WARN_QUOTED_INCLUDE_IN_FRAMEWORK_HEADER = YES;
				CLANG_WARN_RANGE_LOOP_ANALYSIS = YES;
				CLANG_WARN_STRICT_PROTOTYPES = YES;
				CLANG_WARN_SUSPICIOUS_MOVE = YES;
				CLANG_WARN_UNGUARDED_AVAILABILITY = YES_AGGRESSIVE;
				CLANG_WARN_UNREACHABLE_CODE = YES;
				CLANG_WARN__DUPLICATE_METHOD_MATCH = YES;
				COPY_PHASE_STRIP = NO;
				DEBUG_INFORMATION_FORMAT = dwarf;
				ENABLE_STRICT_OBJC_MSGSEND = YES;
				ENABLE_TESTABILITY = YES;
				GCC_C_LANGUAGE_STANDARD = gnu11;
				GCC_DYNAMIC_NO_PIC = NO;
				GCC_NO_COMMON_BLOCKS = YES;
				GCC_OPTIMIZATION_LEVEL = 0;
				GCC_PREPROCESSOR_DEFINITIONS = (
					"DEBUG=1",
					"$(inherited)",
				);
				GCC_WARN_64_TO_32_BIT_CONVERSION = YES;
				GCC_WARN_ABOUT_RETURN_TYPE = YES_ERROR;
				GCC_WARN_UNDECLARED_SELECTOR = YES;
				GCC_WARN_UNINITIALIZED_AUTOS = YES_AGGRESSIVE;
				GCC_WARN_UNUSED_FUNCTION = YES;
				GCC_WARN_UNUSED_VARIABLE = YES;
				IPHONEOS_DEPLOYMENT_TARGET = 15.0;
				MACOSX_DEPLOYMENT_TARGET = 12.0;
				MTL_ENABLE_DEBUG_INFO = INCLUDE_SOURCE;
				MTL_FAST_MATH = YES;
				ONLY_ACTIVE_ARCH = YES;
				SWIFT_ACTIVE_COMPILATION_CONDITIONS = DEBUG;
				SWIFT_OPTIMIZATION_LEVEL = "-Onone";
			};
			name = Debug;
		};
		D29F5C97267571EF00EC2F85 /* Release */ = {
			isa = XCBuildConfiguration;
			buildSettings = {
				ALWAYS_SEARCH_USER_PATHS = NO;
				CLANG_ANALYZER_NONNULL = YES;
				CLANG_ANALYZER_NUMBER_OBJECT_CONVERSION = YES_AGGRESSIVE;
				CLANG_CXX_LANGUAGE_STANDARD = "gnu++14";
				CLANG_CXX_LIBRARY = "libc++";
				CLANG_ENABLE_MODULES = YES;
				CLANG_ENABLE_OBJC_ARC = YES;
				CLANG_ENABLE_OBJC_WEAK = YES;
				CLANG_WARN_BLOCK_CAPTURE_AUTORELEASING = YES;
				CLANG_WARN_BOOL_CONVERSION = YES;
				CLANG_WARN_COMMA = YES;
				CLANG_WARN_CONSTANT_CONVERSION = YES;
				CLANG_WARN_DEPRECATED_OBJC_IMPLEMENTATIONS = YES;
				CLANG_WARN_DIRECT_OBJC_ISA_USAGE = YES_ERROR;
				CLANG_WARN_DOCUMENTATION_COMMENTS = YES;
				CLANG_WARN_EMPTY_BODY = YES;
				CLANG_WARN_ENUM_CONVERSION = YES;
				CLANG_WARN_INFINITE_RECURSION = YES;
				CLANG_WARN_INT_CONVERSION = YES;
				CLANG_WARN_NON_LITERAL_NULL_CONVERSION = YES;
				CLANG_WARN_OBJC_IMPLICIT_RETAIN_SELF = YES;
				CLANG_WARN_OBJC_LITERAL_CONVERSION = YES;
				CLANG_WARN_OBJC_ROOT_CLASS = YES_ERROR;
				CLANG_WARN_QUOTED_INCLUDE_IN_FRAMEWORK_HEADER = YES;
				CLANG_WARN_RANGE_LOOP_ANALYSIS = YES;
				CLANG_WARN_STRICT_PROTOTYPES = YES;
				CLANG_WARN_SUSPICIOUS_MOVE = YES;
				CLANG_WARN_UNGUARDED_AVAILABILITY = YES_AGGRESSIVE;
				CLANG_WARN_UNREACHABLE_CODE = YES;
				CLANG_WARN__DUPLICATE_METHOD_MATCH = YES;
				COPY_PHASE_STRIP = NO;
				DEBUG_INFORMATION_FORMAT = "dwarf-with-dsym";
				ENABLE_NS_ASSERTIONS = NO;
				ENABLE_STRICT_OBJC_MSGSEND = YES;
				GCC_C_LANGUAGE_STANDARD = gnu11;
				GCC_NO_COMMON_BLOCKS = YES;
				GCC_WARN_64_TO_32_BIT_CONVERSION = YES;
				GCC_WARN_ABOUT_RETURN_TYPE = YES_ERROR;
				GCC_WARN_UNDECLARED_SELECTOR = YES;
				GCC_WARN_UNINITIALIZED_AUTOS = YES_AGGRESSIVE;
				GCC_WARN_UNUSED_FUNCTION = YES;
				GCC_WARN_UNUSED_VARIABLE = YES;
				IPHONEOS_DEPLOYMENT_TARGET = 15.0;
				MACOSX_DEPLOYMENT_TARGET = 12.0;
				MTL_ENABLE_DEBUG_INFO = NO;
				MTL_FAST_MATH = YES;
				SWIFT_COMPILATION_MODE = wholemodule;
				SWIFT_OPTIMIZATION_LEVEL = "-O";
			};
			name = Release;
		};
		D29F5C99267571EF00EC2F85 /* Debug */ = {
			isa = XCBuildConfiguration;
			buildSettings = {
				ASSETCATALOG_COMPILER_APPICON_NAME = AppIcon;
				ASSETCATALOG_COMPILER_GLOBAL_ACCENT_COLOR_NAME = AccentColor;
				CODE_SIGN_STYLE = Automatic;
				CURRENT_PROJECT_VERSION = 1;
				DEVELOPMENT_ASSET_PATHS = "Shared/Preview\\ Content";
				DEVELOPMENT_TEAM = 79P776W2YF;
				ENABLE_PREVIEWS = YES;
				GENERATE_INFOPLIST_FILE = YES;
				INFOPLIST_KEY_UIApplicationSceneManifest_Generation = YES;
				INFOPLIST_KEY_UIApplicationSupportsIndirectInputEvents = YES;
				INFOPLIST_KEY_UILaunchScreen_Generation = YES;
				INFOPLIST_KEY_UISupportedInterfaceOrientations_iPad = "UIInterfaceOrientationPortrait UIInterfaceOrientationPortraitUpsideDown UIInterfaceOrientationLandscapeLeft UIInterfaceOrientationLandscapeRight";
				INFOPLIST_KEY_UISupportedInterfaceOrientations_iPhone = "UIInterfaceOrientationPortrait UIInterfaceOrientationLandscapeLeft UIInterfaceOrientationLandscapeRight";
				LD_RUNPATH_SEARCH_PATHS = (
					"$(inherited)",
					"@executable_path/Frameworks",
				);
				MARKETING_VERSION = 1.0;
				PRODUCT_BUNDLE_IDENTIFIER = com.netsplit.RoundHouse;
				PRODUCT_NAME = RoundHouse;
				SDKROOT = iphoneos;
				SWIFT_EMIT_LOC_STRINGS = YES;
				SWIFT_VERSION = 5.0;
				TARGETED_DEVICE_FAMILY = "1,2";
			};
			name = Debug;
		};
		D29F5C9A267571EF00EC2F85 /* Release */ = {
			isa = XCBuildConfiguration;
			buildSettings = {
				ASSETCATALOG_COMPILER_APPICON_NAME = AppIcon;
				ASSETCATALOG_COMPILER_GLOBAL_ACCENT_COLOR_NAME = AccentColor;
				CODE_SIGN_STYLE = Automatic;
				CURRENT_PROJECT_VERSION = 1;
				DEVELOPMENT_ASSET_PATHS = "Shared/Preview\\ Content";
				DEVELOPMENT_TEAM = 79P776W2YF;
				ENABLE_PREVIEWS = YES;
				GENERATE_INFOPLIST_FILE = YES;
				INFOPLIST_KEY_UIApplicationSceneManifest_Generation = YES;
				INFOPLIST_KEY_UIApplicationSupportsIndirectInputEvents = YES;
				INFOPLIST_KEY_UILaunchScreen_Generation = YES;
				INFOPLIST_KEY_UISupportedInterfaceOrientations_iPad = "UIInterfaceOrientationPortrait UIInterfaceOrientationPortraitUpsideDown UIInterfaceOrientationLandscapeLeft UIInterfaceOrientationLandscapeRight";
				INFOPLIST_KEY_UISupportedInterfaceOrientations_iPhone = "UIInterfaceOrientationPortrait UIInterfaceOrientationLandscapeLeft UIInterfaceOrientationLandscapeRight";
				LD_RUNPATH_SEARCH_PATHS = (
					"$(inherited)",
					"@executable_path/Frameworks",
				);
				MARKETING_VERSION = 1.0;
				PRODUCT_BUNDLE_IDENTIFIER = com.netsplit.RoundHouse;
				PRODUCT_NAME = RoundHouse;
				SDKROOT = iphoneos;
				SWIFT_EMIT_LOC_STRINGS = YES;
				SWIFT_VERSION = 5.0;
				TARGETED_DEVICE_FAMILY = "1,2";
				VALIDATE_PRODUCT = YES;
			};
			name = Release;
		};
		D29F5C9C267571EF00EC2F85 /* Debug */ = {
			isa = XCBuildConfiguration;
			buildSettings = {
				ASSETCATALOG_COMPILER_APPICON_NAME = AppIcon;
				ASSETCATALOG_COMPILER_GLOBAL_ACCENT_COLOR_NAME = AccentColor;
				CODE_SIGN_IDENTITY = "Apple Development";
				CODE_SIGN_STYLE = Automatic;
				COMBINE_HIDPI_IMAGES = YES;
				CURRENT_PROJECT_VERSION = 1;
				DEVELOPMENT_ASSET_PATHS = "Shared/Preview\\ Content";
				DEVELOPMENT_TEAM = 79P776W2YF;
				ENABLE_APP_SANDBOX = YES;
				ENABLE_HARDENED_RUNTIME = YES;
				ENABLE_PREVIEWS = YES;
				ENABLE_USER_SELECTED_FILES = readonly;
				GENERATE_INFOPLIST_FILE = YES;
				INFOPLIST_KEY_NSHumanReadableCopyright = "";
				LD_RUNPATH_SEARCH_PATHS = (
					"$(inherited)",
					"@executable_path/../Frameworks",
				);
				MARKETING_VERSION = 1.0;
				PRODUCT_BUNDLE_IDENTIFIER = com.netsplit.RoundHouse;
				PRODUCT_NAME = RoundHouse;
				SDKROOT = macosx;
				SWIFT_EMIT_LOC_STRINGS = YES;
				SWIFT_VERSION = 5.0;
			};
			name = Debug;
		};
		D29F5C9D267571EF00EC2F85 /* Release */ = {
			isa = XCBuildConfiguration;
			buildSettings = {
				ASSETCATALOG_COMPILER_APPICON_NAME = AppIcon;
				ASSETCATALOG_COMPILER_GLOBAL_ACCENT_COLOR_NAME = AccentColor;
				CODE_SIGN_IDENTITY = "Apple Development";
				CODE_SIGN_STYLE = Automatic;
				COMBINE_HIDPI_IMAGES = YES;
				CURRENT_PROJECT_VERSION = 1;
				DEVELOPMENT_ASSET_PATHS = "Shared/Preview\\ Content";
				DEVELOPMENT_TEAM = 79P776W2YF;
				ENABLE_APP_SANDBOX = YES;
				ENABLE_HARDENED_RUNTIME = YES;
				ENABLE_PREVIEWS = YES;
				ENABLE_USER_SELECTED_FILES = readonly;
				GENERATE_INFOPLIST_FILE = YES;
				INFOPLIST_KEY_NSHumanReadableCopyright = "";
				LD_RUNPATH_SEARCH_PATHS = (
					"$(inherited)",
					"@executable_path/../Frameworks",
				);
				MARKETING_VERSION = 1.0;
				PRODUCT_BUNDLE_IDENTIFIER = com.netsplit.RoundHouse;
				PRODUCT_NAME = RoundHouse;
				SDKROOT = macosx;
				SWIFT_EMIT_LOC_STRINGS = YES;
				SWIFT_VERSION = 5.0;
			};
			name = Release;
		};
		D29F5C9F267571EF00EC2F85 /* Debug */ = {
			isa = XCBuildConfiguration;
			buildSettings = {
				ALWAYS_EMBED_SWIFT_STANDARD_LIBRARIES = YES;
				CODE_SIGN_STYLE = Automatic;
				CURRENT_PROJECT_VERSION = 1;
				DEVELOPMENT_TEAM = 79P776W2YF;
				GENERATE_INFOPLIST_FILE = YES;
				LD_RUNPATH_SEARCH_PATHS = (
					"$(inherited)",
					"@executable_path/Frameworks",
					"@loader_path/Frameworks",
				);
				MARKETING_VERSION = 1.0;
				PRODUCT_BUNDLE_IDENTIFIER = "com.netsplit.UI-Tests-iOS";
				PRODUCT_NAME = "$(TARGET_NAME)";
				PROVISIONING_PROFILE = "";
				SDKROOT = iphoneos;
				SWIFT_EMIT_LOC_STRINGS = NO;
				SWIFT_VERSION = 5.0;
				TARGETED_DEVICE_FAMILY = "1,2";
				TEST_TARGET_NAME = "RoundHouse (iOS)";
			};
			name = Debug;
		};
		D29F5CA0267571EF00EC2F85 /* Release */ = {
			isa = XCBuildConfiguration;
			buildSettings = {
				ALWAYS_EMBED_SWIFT_STANDARD_LIBRARIES = YES;
				CODE_SIGN_STYLE = Automatic;
				CURRENT_PROJECT_VERSION = 1;
				DEVELOPMENT_TEAM = 79P776W2YF;
				GENERATE_INFOPLIST_FILE = YES;
				LD_RUNPATH_SEARCH_PATHS = (
					"$(inherited)",
					"@executable_path/Frameworks",
					"@loader_path/Frameworks",
				);
				MARKETING_VERSION = 1.0;
				PRODUCT_BUNDLE_IDENTIFIER = "com.netsplit.UI-Tests-iOS";
				PRODUCT_NAME = "$(TARGET_NAME)";
				PROVISIONING_PROFILE = "";
				SDKROOT = iphoneos;
				SWIFT_EMIT_LOC_STRINGS = NO;
				SWIFT_VERSION = 5.0;
				TARGETED_DEVICE_FAMILY = "1,2";
				TEST_TARGET_NAME = "RoundHouse (iOS)";
				VALIDATE_PRODUCT = YES;
			};
			name = Release;
		};
		D29F5CA2267571EF00EC2F85 /* Debug */ = {
			isa = XCBuildConfiguration;
			buildSettings = {
				ALWAYS_EMBED_SWIFT_STANDARD_LIBRARIES = YES;
				CODE_SIGN_STYLE = Automatic;
				COMBINE_HIDPI_IMAGES = YES;
				CURRENT_PROJECT_VERSION = 1;
				DEVELOPMENT_TEAM = 79P776W2YF;
				GENERATE_INFOPLIST_FILE = YES;
				LD_RUNPATH_SEARCH_PATHS = (
					"$(inherited)",
					"@executable_path/../Frameworks",
					"@loader_path/../Frameworks",
				);
				MARKETING_VERSION = 1.0;
				PRODUCT_BUNDLE_IDENTIFIER = "com.netsplit.UI-Tests-macOS";
				PRODUCT_NAME = "$(TARGET_NAME)";
				PROVISIONING_PROFILE = "";
				SDKROOT = macosx;
				SWIFT_EMIT_LOC_STRINGS = NO;
				SWIFT_VERSION = 5.0;
				TEST_TARGET_NAME = "RoundHouse (macOS)";
			};
			name = Debug;
		};
		D29F5CA3267571EF00EC2F85 /* Release */ = {
			isa = XCBuildConfiguration;
			buildSettings = {
				ALWAYS_EMBED_SWIFT_STANDARD_LIBRARIES = YES;
				CODE_SIGN_STYLE = Automatic;
				COMBINE_HIDPI_IMAGES = YES;
				CURRENT_PROJECT_VERSION = 1;
				DEVELOPMENT_TEAM = 79P776W2YF;
				GENERATE_INFOPLIST_FILE = YES;
				LD_RUNPATH_SEARCH_PATHS = (
					"$(inherited)",
					"@executable_path/../Frameworks",
					"@loader_path/../Frameworks",
				);
				MARKETING_VERSION = 1.0;
				PRODUCT_BUNDLE_IDENTIFIER = "com.netsplit.UI-Tests-macOS";
				PRODUCT_NAME = "$(TARGET_NAME)";
				PROVISIONING_PROFILE = "";
				SDKROOT = macosx;
				SWIFT_EMIT_LOC_STRINGS = NO;
				SWIFT_VERSION = 5.0;
				TEST_TARGET_NAME = "RoundHouse (macOS)";
			};
			name = Release;
		};
		D2C49667267601330008AFB8 /* Debug */ = {
			isa = XCBuildConfiguration;
			buildSettings = {
				BUNDLE_LOADER = "$(TEST_HOST)";
				CODE_SIGN_STYLE = Automatic;
				COMBINE_HIDPI_IMAGES = YES;
				CURRENT_PROJECT_VERSION = 1;
				DEVELOPMENT_TEAM = 79P776W2YF;
				GENERATE_INFOPLIST_FILE = YES;
				LD_RUNPATH_SEARCH_PATHS = (
					"$(inherited)",
					"@executable_path/../Frameworks",
					"@loader_path/../Frameworks",
				);
				MARKETING_VERSION = 1.0;
				PRODUCT_BUNDLE_IDENTIFIER = "com.netsplit.Unit-Tests-macOS";
				PRODUCT_NAME = "$(TARGET_NAME)";
				SDKROOT = macosx;
				SWIFT_EMIT_LOC_STRINGS = NO;
				SWIFT_VERSION = 5.0;
				TEST_HOST = "$(BUILT_PRODUCTS_DIR)/RoundHouse.app/Contents/MacOS/RoundHouse";
			};
			name = Debug;
		};
		D2C49668267601330008AFB8 /* Release */ = {
			isa = XCBuildConfiguration;
			buildSettings = {
				BUNDLE_LOADER = "$(TEST_HOST)";
				CODE_SIGN_STYLE = Automatic;
				COMBINE_HIDPI_IMAGES = YES;
				CURRENT_PROJECT_VERSION = 1;
				DEVELOPMENT_TEAM = 79P776W2YF;
				GENERATE_INFOPLIST_FILE = YES;
				LD_RUNPATH_SEARCH_PATHS = (
					"$(inherited)",
					"@executable_path/../Frameworks",
					"@loader_path/../Frameworks",
				);
				MARKETING_VERSION = 1.0;
				PRODUCT_BUNDLE_IDENTIFIER = "com.netsplit.Unit-Tests-macOS";
				PRODUCT_NAME = "$(TARGET_NAME)";
				SDKROOT = macosx;
				SWIFT_EMIT_LOC_STRINGS = NO;
				SWIFT_VERSION = 5.0;
				TEST_HOST = "$(BUILT_PRODUCTS_DIR)/RoundHouse.app/Contents/MacOS/RoundHouse";
			};
			name = Release;
		};
		D2C49674267601420008AFB8 /* Debug */ = {
			isa = XCBuildConfiguration;
			buildSettings = {
				BUNDLE_LOADER = "$(TEST_HOST)";
				CODE_SIGN_STYLE = Automatic;
				CURRENT_PROJECT_VERSION = 1;
				DEVELOPMENT_TEAM = 79P776W2YF;
				GENERATE_INFOPLIST_FILE = YES;
				LD_RUNPATH_SEARCH_PATHS = (
					"$(inherited)",
					"@executable_path/Frameworks",
					"@loader_path/Frameworks",
				);
				MARKETING_VERSION = 1.0;
				PRODUCT_BUNDLE_IDENTIFIER = "com.netsplit.Unit-Tests-iOS";
				PRODUCT_NAME = "$(TARGET_NAME)";
				SDKROOT = iphoneos;
				SWIFT_EMIT_LOC_STRINGS = NO;
				SWIFT_VERSION = 5.0;
				TARGETED_DEVICE_FAMILY = "1,2";
				TEST_HOST = "$(BUILT_PRODUCTS_DIR)/RoundHouse.app/RoundHouse";
			};
			name = Debug;
		};
		D2C49675267601420008AFB8 /* Release */ = {
			isa = XCBuildConfiguration;
			buildSettings = {
				BUNDLE_LOADER = "$(TEST_HOST)";
				CODE_SIGN_STYLE = Automatic;
				CURRENT_PROJECT_VERSION = 1;
				DEVELOPMENT_TEAM = 79P776W2YF;
				GENERATE_INFOPLIST_FILE = YES;
				LD_RUNPATH_SEARCH_PATHS = (
					"$(inherited)",
					"@executable_path/Frameworks",
					"@loader_path/Frameworks",
				);
				MARKETING_VERSION = 1.0;
				PRODUCT_BUNDLE_IDENTIFIER = "com.netsplit.Unit-Tests-iOS";
				PRODUCT_NAME = "$(TARGET_NAME)";
				SDKROOT = iphoneos;
				SWIFT_EMIT_LOC_STRINGS = NO;
				SWIFT_VERSION = 5.0;
				TARGETED_DEVICE_FAMILY = "1,2";
				TEST_HOST = "$(BUILT_PRODUCTS_DIR)/RoundHouse.app/RoundHouse";
				VALIDATE_PRODUCT = YES;
			};
			name = Release;
		};
/* End XCBuildConfiguration section */

/* Begin XCConfigurationList section */
		D29F5C65267571ED00EC2F85 /* Build configuration list for PBXProject "RoundHouse" */ = {
			isa = XCConfigurationList;
			buildConfigurations = (
				D29F5C96267571EF00EC2F85 /* Debug */,
				D29F5C97267571EF00EC2F85 /* Release */,
			);
			defaultConfigurationIsVisible = 0;
			defaultConfigurationName = Release;
		};
		D29F5C98267571EF00EC2F85 /* Build configuration list for PBXNativeTarget "RoundHouse (iOS)" */ = {
			isa = XCConfigurationList;
			buildConfigurations = (
				D29F5C99267571EF00EC2F85 /* Debug */,
				D29F5C9A267571EF00EC2F85 /* Release */,
			);
			defaultConfigurationIsVisible = 0;
			defaultConfigurationName = Release;
		};
		D29F5C9B267571EF00EC2F85 /* Build configuration list for PBXNativeTarget "RoundHouse (macOS)" */ = {
			isa = XCConfigurationList;
			buildConfigurations = (
				D29F5C9C267571EF00EC2F85 /* Debug */,
				D29F5C9D267571EF00EC2F85 /* Release */,
			);
			defaultConfigurationIsVisible = 0;
			defaultConfigurationName = Release;
		};
		D29F5C9E267571EF00EC2F85 /* Build configuration list for PBXNativeTarget "UI Tests (iOS)" */ = {
			isa = XCConfigurationList;
			buildConfigurations = (
				D29F5C9F267571EF00EC2F85 /* Debug */,
				D29F5CA0267571EF00EC2F85 /* Release */,
			);
			defaultConfigurationIsVisible = 0;
			defaultConfigurationName = Release;
		};
		D29F5CA1267571EF00EC2F85 /* Build configuration list for PBXNativeTarget "UI Tests (macOS)" */ = {
			isa = XCConfigurationList;
			buildConfigurations = (
				D29F5CA2267571EF00EC2F85 /* Debug */,
				D29F5CA3267571EF00EC2F85 /* Release */,
			);
			defaultConfigurationIsVisible = 0;
			defaultConfigurationName = Release;
		};
		D2C49666267601330008AFB8 /* Build configuration list for PBXNativeTarget "Unit Tests (macOS)" */ = {
			isa = XCConfigurationList;
			buildConfigurations = (
				D2C49667267601330008AFB8 /* Debug */,
				D2C49668267601330008AFB8 /* Release */,
			);
			defaultConfigurationIsVisible = 0;
			defaultConfigurationName = Release;
		};
		D2C49673267601420008AFB8 /* Build configuration list for PBXNativeTarget "Unit Tests (iOS)" */ = {
			isa = XCConfigurationList;
			buildConfigurations = (
				D2C49674267601420008AFB8 /* Debug */,
				D2C49675267601420008AFB8 /* Release */,
			);
			defaultConfigurationIsVisible = 0;
			defaultConfigurationName = Release;
		};
/* End XCConfigurationList section */

/* Begin XCVersionGroup section */
		D29F5CB12675743700EC2F85 /* RoundHouse.xcdatamodeld */ = {
			isa = XCVersionGroup;
			children = (
				D2C4960E267586A60008AFB8 /* RoundHouse.xcdatamodel */,
				D29F5CB32675743700EC2F85 /* EngineShed.xcdatamodel */,
			);
			currentVersion = D2C4960E267586A60008AFB8 /* RoundHouse.xcdatamodel */;
			path = RoundHouse.xcdatamodeld;
			sourceTree = "<group>";
			versionGroupType = wrapper.xcdatamodel;
		};
/* End XCVersionGroup section */
	};
	rootObject = D29F5C62267571ED00EC2F85 /* Project object */;
}
